// !$*UTF8*$!
{
	archiveVersion = 1;
	classes = {
	};
	objectVersion = 46;
	objects = {

/* Begin PBXBuildFile section */
		D91902A31D100C7C00CE100D /* stadium.jpeg in Resources */ = {isa = PBXBuildFile; fileRef = D91902A21D100C7C00CE100D /* stadium.jpeg */; };
		D91902A81D100C8A00CE100D /* Coffee.png in Resources */ = {isa = PBXBuildFile; fileRef = D91902A41D100C8A00CE100D /* Coffee.png */; };
		D91902A91D100C8A00CE100D /* images.jpeg in Resources */ = {isa = PBXBuildFile; fileRef = D91902A51D100C8A00CE100D /* images.jpeg */; };
		D91902AA1D100C8A00CE100D /* ix.png in Resources */ = {isa = PBXBuildFile; fileRef = D91902A61D100C8A00CE100D /* ix.png */; };
		D91902AB1D100C8A00CE100D /* truthcoffee.png in Resources */ = {isa = PBXBuildFile; fileRef = D91902A71D100C8A00CE100D /* truthcoffee.png */; };
		D91902AD1D100E0400CE100D /* UserController.swift in Sources */ = {isa = PBXBuildFile; fileRef = D91902AC1D100E0400CE100D /* UserController.swift */; };
		D92E33DE1D084D7300BF7AD4 /* AppDelegate.swift in Sources */ = {isa = PBXBuildFile; fileRef = D92E33DD1D084D7300BF7AD4 /* AppDelegate.swift */; };
		D92E33E51D084D7300BF7AD4 /* Assets.xcassets in Resources */ = {isa = PBXBuildFile; fileRef = D92E33E41D084D7300BF7AD4 /* Assets.xcassets */; };
		D92E33E81D084D7300BF7AD4 /* LaunchScreen.storyboard in Resources */ = {isa = PBXBuildFile; fileRef = D92E33E61D084D7300BF7AD4 /* LaunchScreen.storyboard */; };
		D92E33F01D084D7C00BF7AD4 /* MapKit.framework in Frameworks */ = {isa = PBXBuildFile; fileRef = D92E33EF1D084D7C00BF7AD4 /* MapKit.framework */; };
		D92E33F31D08633700BF7AD4 /* MainViewController.swift in Sources */ = {isa = PBXBuildFile; fileRef = D92E33F11D08633700BF7AD4 /* MainViewController.swift */; };
		D92E33F41D08633700BF7AD4 /* MainViewController.xib in Resources */ = {isa = PBXBuildFile; fileRef = D92E33F21D08633700BF7AD4 /* MainViewController.xib */; };
		D92E33F61D088C8B00BF7AD4 /* Place.swift in Sources */ = {isa = PBXBuildFile; fileRef = D92E33F51D088C8B00BF7AD4 /* Place.swift */; };
		D92E33F91D08B39D00BF7AD4 /* PlaceTableViewCell.swift in Sources */ = {isa = PBXBuildFile; fileRef = D92E33F71D08B39D00BF7AD4 /* PlaceTableViewCell.swift */; };
		D969C17B1D100ED100F60A49 /* LoggedInViewController.swift in Sources */ = {isa = PBXBuildFile; fileRef = D969C1711D100ED100F60A49 /* LoggedInViewController.swift */; };
		D969C17C1D100ED100F60A49 /* LoggedInViewController.xib in Resources */ = {isa = PBXBuildFile; fileRef = D969C1721D100ED100F60A49 /* LoggedInViewController.xib */; };
		D969C17D1D100ED100F60A49 /* LandingViewController.swift in Sources */ = {isa = PBXBuildFile; fileRef = D969C1741D100ED100F60A49 /* LandingViewController.swift */; };
		D969C17E1D100ED100F60A49 /* LandingViewController.xib in Resources */ = {isa = PBXBuildFile; fileRef = D969C1751D100ED100F60A49 /* LandingViewController.xib */; };
		D969C17F1D100ED100F60A49 /* LoginViewController.swift in Sources */ = {isa = PBXBuildFile; fileRef = D969C1761D100ED100F60A49 /* LoginViewController.swift */; };
		D969C1801D100ED100F60A49 /* LoginViewController.xib in Resources */ = {isa = PBXBuildFile; fileRef = D969C1771D100ED100F60A49 /* LoginViewController.xib */; };
		D969C1811D100ED100F60A49 /* RegistrationViewController.swift in Sources */ = {isa = PBXBuildFile; fileRef = D969C1781D100ED100F60A49 /* RegistrationViewController.swift */; };
		D969C1821D100ED100F60A49 /* RegistrationViewController.xib in Resources */ = {isa = PBXBuildFile; fileRef = D969C1791D100ED100F60A49 /* RegistrationViewController.xib */; };
/* End PBXBuildFile section */

/* Begin PBXFileReference section */
		D91902A21D100C7C00CE100D /* stadium.jpeg */ = {isa = PBXFileReference; lastKnownFileType = image.jpeg; name = stadium.jpeg; path = ../../../Desktop/stadium.jpeg; sourceTree = "<group>"; };
		D91902A41D100C8A00CE100D /* Coffee.png */ = {isa = PBXFileReference; lastKnownFileType = image.png; name = Coffee.png; path = ../../../Desktop/Coffee.png; sourceTree = "<group>"; };
		D91902A51D100C8A00CE100D /* images.jpeg */ = {isa = PBXFileReference; lastKnownFileType = image.jpeg; name = images.jpeg; path = ../../../Desktop/images.jpeg; sourceTree = "<group>"; };
		D91902A61D100C8A00CE100D /* ix.png */ = {isa = PBXFileReference; lastKnownFileType = image.png; name = ix.png; path = ../../../Desktop/ix.png; sourceTree = "<group>"; };
		D91902A71D100C8A00CE100D /* truthcoffee.png */ = {isa = PBXFileReference; lastKnownFileType = image.png; name = truthcoffee.png; path = ../../../Desktop/truthcoffee.png; sourceTree = "<group>"; };
		D91902AC1D100E0400CE100D /* UserController.swift */ = {isa = PBXFileReference; fileEncoding = 4; lastKnownFileType = sourcecode.swift; path = UserController.swift; sourceTree = "<group>"; };
		D92E33DA1D084D7300BF7AD4 /* iXploreNew.app */ = {isa = PBXFileReference; explicitFileType = wrapper.application; includeInIndex = 0; path = iXploreNew.app; sourceTree = BUILT_PRODUCTS_DIR; };
		D92E33DD1D084D7300BF7AD4 /* AppDelegate.swift */ = {isa = PBXFileReference; lastKnownFileType = sourcecode.swift; path = AppDelegate.swift; sourceTree = "<group>"; };
		D92E33E41D084D7300BF7AD4 /* Assets.xcassets */ = {isa = PBXFileReference; lastKnownFileType = folder.assetcatalog; path = Assets.xcassets; sourceTree = "<group>"; };
		D92E33E71D084D7300BF7AD4 /* Base */ = {isa = PBXFileReference; lastKnownFileType = file.storyboard; name = Base; path = Base.lproj/LaunchScreen.storyboard; sourceTree = "<group>"; };
		D92E33E91D084D7300BF7AD4 /* Info.plist */ = {isa = PBXFileReference; lastKnownFileType = text.plist.xml; path = Info.plist; sourceTree = "<group>"; };
		D92E33EF1D084D7C00BF7AD4 /* MapKit.framework */ = {isa = PBXFileReference; lastKnownFileType = wrapper.framework; name = MapKit.framework; path = System/Library/Frameworks/MapKit.framework; sourceTree = SDKROOT; };
		D92E33F11D08633700BF7AD4 /* MainViewController.swift */ = {isa = PBXFileReference; fileEncoding = 4; lastKnownFileType = sourcecode.swift; path = MainViewController.swift; sourceTree = "<group>"; };
		D92E33F21D08633700BF7AD4 /* MainViewController.xib */ = {isa = PBXFileReference; fileEncoding = 4; lastKnownFileType = file.xib; path = MainViewController.xib; sourceTree = "<group>"; };
		D92E33F51D088C8B00BF7AD4 /* Place.swift */ = {isa = PBXFileReference; fileEncoding = 4; lastKnownFileType = sourcecode.swift; path = Place.swift; sourceTree = "<group>"; };
		D92E33F71D08B39D00BF7AD4 /* PlaceTableViewCell.swift */ = {isa = PBXFileReference; fileEncoding = 4; lastKnownFileType = sourcecode.swift; path = PlaceTableViewCell.swift; sourceTree = "<group>"; };
		D969C1711D100ED100F60A49 /* LoggedInViewController.swift */ = {isa = PBXFileReference; fileEncoding = 4; lastKnownFileType = sourcecode.swift; path = LoggedInViewController.swift; sourceTree = "<group>"; };
		D969C1721D100ED100F60A49 /* LoggedInViewController.xib */ = {isa = PBXFileReference; fileEncoding = 4; lastKnownFileType = file.xib; path = LoggedInViewController.xib; sourceTree = "<group>"; };
		D969C1741D100ED100F60A49 /* LandingViewController.swift */ = {isa = PBXFileReference; fileEncoding = 4; lastKnownFileType = sourcecode.swift; path = LandingViewController.swift; sourceTree = "<group>"; };
		D969C1751D100ED100F60A49 /* LandingViewController.xib */ = {isa = PBXFileReference; fileEncoding = 4; lastKnownFileType = file.xib; path = LandingViewController.xib; sourceTree = "<group>"; };
		D969C1761D100ED100F60A49 /* LoginViewController.swift */ = {isa = PBXFileReference; fileEncoding = 4; lastKnownFileType = sourcecode.swift; path = LoginViewController.swift; sourceTree = "<group>"; };
		D969C1771D100ED100F60A49 /* LoginViewController.xib */ = {isa = PBXFileReference; fileEncoding = 4; lastKnownFileType = file.xib; path = LoginViewController.xib; sourceTree = "<group>"; };
		D969C1781D100ED100F60A49 /* RegistrationViewController.swift */ = {isa = PBXFileReference; fileEncoding = 4; lastKnownFileType = sourcecode.swift; path = RegistrationViewController.swift; sourceTree = "<group>"; };
		D969C1791D100ED100F60A49 /* RegistrationViewController.xib */ = {isa = PBXFileReference; fileEncoding = 4; lastKnownFileType = file.xib; path = RegistrationViewController.xib; sourceTree = "<group>"; };
/* End PBXFileReference section */

/* Begin PBXFrameworksBuildPhase section */
		D92E33D71D084D7300BF7AD4 /* Frameworks */ = {
			isa = PBXFrameworksBuildPhase;
			buildActionMask = 2147483647;
			files = (
				D92E33F01D084D7C00BF7AD4 /* MapKit.framework in Frameworks */,
			);
			runOnlyForDeploymentPostprocessing = 0;
		};
/* End PBXFrameworksBuildPhase section */

/* Begin PBXGroup section */
		D91902AE1D100E3A00CE100D /* Images */ = {
			isa = PBXGroup;
			children = (
				D91902A21D100C7C00CE100D /* stadium.jpeg */,
				D91902A41D100C8A00CE100D /* Coffee.png */,
				D91902A51D100C8A00CE100D /* images.jpeg */,
				D91902A61D100C8A00CE100D /* ix.png */,
				D91902A71D100C8A00CE100D /* truthcoffee.png */,
			);
			name = Images;
			sourceTree = "<group>";
		};
		D91902AF1D100E5700CE100D /* Place Info */ = {
			isa = PBXGroup;
			children = (
				D92E33F51D088C8B00BF7AD4 /* Place.swift */,
				D92E33F71D08B39D00BF7AD4 /* PlaceTableViewCell.swift */,
			);
			name = "Place Info";
			sourceTree = "<group>";
		};
		D92E33D11D084D7300BF7AD4 = {
			isa = PBXGroup;
			children = (
				D92E33EF1D084D7C00BF7AD4 /* MapKit.framework */,
				D92E33DC1D084D7300BF7AD4 /* iXploreNew */,
				D92E33DB1D084D7300BF7AD4 /* Products */,
			);
			sourceTree = "<group>";
		};
		D92E33DB1D084D7300BF7AD4 /* Products */ = {
			isa = PBXGroup;
			children = (
				D92E33DA1D084D7300BF7AD4 /* iXploreNew.app */,
			);
			name = Products;
			sourceTree = "<group>";
		};
		D92E33DC1D084D7300BF7AD4 /* iXploreNew */ = {
			isa = PBXGroup;
			children = (
				D92E33DD1D084D7300BF7AD4 /* AppDelegate.swift */,
				D91902AC1D100E0400CE100D /* UserController.swift */,
				D969C1731D100ED100F60A49 /* LoggedIn */,
				D969C17A1D100ED100F60A49 /* Authentication */,
				D91902AF1D100E5700CE100D /* Place Info */,
				D91902AE1D100E3A00CE100D /* Images */,
				D92E33E41D084D7300BF7AD4 /* Assets.xcassets */,
				D92E33E61D084D7300BF7AD4 /* LaunchScreen.storyboard */,
				D92E33E91D084D7300BF7AD4 /* Info.plist */,
				D92E33F11D08633700BF7AD4 /* MainViewController.swift */,
				D92E33F21D08633700BF7AD4 /* MainViewController.xib */,
			);
			path = iXploreNew;
			sourceTree = "<group>";
		};
		D969C1731D100ED100F60A49 /* LoggedIn */ = {
			isa = PBXGroup;
			children = (
				D969C1711D100ED100F60A49 /* LoggedInViewController.swift */,
				D969C1721D100ED100F60A49 /* LoggedInViewController.xib */,
			);
			name = LoggedIn;
			path = ../../Onboarding/Onboarding;
			sourceTree = "<group>";
		};
		D969C17A1D100ED100F60A49 /* Authentication */ = {
			isa = PBXGroup;
			children = (
				D969C1741D100ED100F60A49 /* LandingViewController.swift */,
				D969C1751D100ED100F60A49 /* LandingViewController.xib */,
				D969C1761D100ED100F60A49 /* LoginViewController.swift */,
				D969C1771D100ED100F60A49 /* LoginViewController.xib */,
				D969C1781D100ED100F60A49 /* RegistrationViewController.swift */,
				D969C1791D100ED100F60A49 /* RegistrationViewController.xib */,
			);
			name = Authentication;
			path = ../../Onboarding/Onboarding;
			sourceTree = "<group>";
		};
/* End PBXGroup section */

/* Begin PBXNativeTarget section */
		D92E33D91D084D7300BF7AD4 /* iXploreNew */ = {
			isa = PBXNativeTarget;
			buildConfigurationList = D92E33EC1D084D7300BF7AD4 /* Build configuration list for PBXNativeTarget "iXploreNew" */;
			buildPhases = (
				D92E33D61D084D7300BF7AD4 /* Sources */,
				D92E33D71D084D7300BF7AD4 /* Frameworks */,
				D92E33D81D084D7300BF7AD4 /* Resources */,
			);
			buildRules = (
			);
			dependencies = (
			);
			name = iXploreNew;
			productName = iXploreNew;
			productReference = D92E33DA1D084D7300BF7AD4 /* iXploreNew.app */;
			productType = "com.apple.product-type.application";
		};
/* End PBXNativeTarget section */

/* Begin PBXProject section */
		D92E33D21D084D7300BF7AD4 /* Project object */ = {
			isa = PBXProject;
			attributes = {
				LastSwiftUpdateCheck = 0730;
				LastUpgradeCheck = 0730;
				ORGANIZATIONNAME = "Ryan Davey";
				TargetAttributes = {
					D92E33D91D084D7300BF7AD4 = {
						CreatedOnToolsVersion = 7.3.1;
						DevelopmentTeam = 673WT6MH33;
						SystemCapabilities = {
							com.apple.Maps.iOS = {
								enabled = 1;
							};
						};
					};
				};
			};
			buildConfigurationList = D92E33D51D084D7300BF7AD4 /* Build configuration list for PBXProject "iXploreNew" */;
			compatibilityVersion = "Xcode 3.2";
			developmentRegion = English;
			hasScannedForEncodings = 0;
			knownRegions = (
				en,
				Base,
			);
			mainGroup = D92E33D11D084D7300BF7AD4;
			productRefGroup = D92E33DB1D084D7300BF7AD4 /* Products */;
			projectDirPath = "";
			projectRoot = "";
			targets = (
				D92E33D91D084D7300BF7AD4 /* iXploreNew */,
			);
		};
/* End PBXProject section */

/* Begin PBXResourcesBuildPhase section */
		D92E33D81D084D7300BF7AD4 /* Resources */ = {
			isa = PBXResourcesBuildPhase;
			buildActionMask = 2147483647;
			files = (
				D969C17E1D100ED100F60A49 /* LandingViewController.xib in Resources */,
				D92E33E81D084D7300BF7AD4 /* LaunchScreen.storyboard in Resources */,
				D969C1801D100ED100F60A49 /* LoginViewController.xib in Resources */,
				D91902AB1D100C8A00CE100D /* truthcoffee.png in Resources */,
				D92E33E51D084D7300BF7AD4 /* Assets.xcassets in Resources */,
				D91902AA1D100C8A00CE100D /* ix.png in Resources */,
				D92E33F41D08633700BF7AD4 /* MainViewController.xib in Resources */,
				D91902A81D100C8A00CE100D /* Coffee.png in Resources */,
				D969C17C1D100ED100F60A49 /* LoggedInViewController.xib in Resources */,
				D969C1821D100ED100F60A49 /* RegistrationViewController.xib in Resources */,
				D91902A31D100C7C00CE100D /* stadium.jpeg in Resources */,
				D91902A91D100C8A00CE100D /* images.jpeg in Resources */,
			);
			runOnlyForDeploymentPostprocessing = 0;
		};
/* End PBXResourcesBuildPhase section */

/* Begin PBXSourcesBuildPhase section */
		D92E33D61D084D7300BF7AD4 /* Sources */ = {
			isa = PBXSourcesBuildPhase;
			buildActionMask = 2147483647;
			files = (
				D92E33F31D08633700BF7AD4 /* MainViewController.swift in Sources */,
				D969C17D1D100ED100F60A49 /* LandingViewController.swift in Sources */,
				D92E33DE1D084D7300BF7AD4 /* AppDelegate.swift in Sources */,
				D969C1811D100ED100F60A49 /* RegistrationViewController.swift in Sources */,
				D91902AD1D100E0400CE100D /* UserController.swift in Sources */,
				D969C17F1D100ED100F60A49 /* LoginViewController.swift in Sources */,
				D969C17B1D100ED100F60A49 /* LoggedInViewController.swift in Sources */,
				D92E33F61D088C8B00BF7AD4 /* Place.swift in Sources */,
				D92E33F91D08B39D00BF7AD4 /* PlaceTableViewCell.swift in Sources */,
			);
			runOnlyForDeploymentPostprocessing = 0;
		};
/* End PBXSourcesBuildPhase section */

/* Begin PBXVariantGroup section */
		D92E33E61D084D7300BF7AD4 /* LaunchScreen.storyboard */ = {
			isa = PBXVariantGroup;
			children = (
				D92E33E71D084D7300BF7AD4 /* Base */,
			);
			name = LaunchScreen.storyboard;
			sourceTree = "<group>";
		};
/* End PBXVariantGroup section */

/* Begin XCBuildConfiguration section */
		D92E33EA1D084D7300BF7AD4 /* Debug */ = {
			isa = XCBuildConfiguration;
			buildSettings = {
				ALWAYS_SEARCH_USER_PATHS = NO;
				CLANG_ANALYZER_NONNULL = YES;
				CLANG_CXX_LANGUAGE_STANDARD = "gnu++0x";
				CLANG_CXX_LIBRARY = "libc++";
				CLANG_ENABLE_MODULES = YES;
				CLANG_ENABLE_OBJC_ARC = YES;
				CLANG_WARN_BOOL_CONVERSION = YES;
				CLANG_WARN_CONSTANT_CONVERSION = YES;
				CLANG_WARN_DIRECT_OBJC_ISA_USAGE = YES_ERROR;
				CLANG_WARN_EMPTY_BODY = YES;
				CLANG_WARN_ENUM_CONVERSION = YES;
				CLANG_WARN_INT_CONVERSION = YES;
				CLANG_WARN_OBJC_ROOT_CLASS = YES_ERROR;
				CLANG_WARN_UNREACHABLE_CODE = YES;
				CLANG_WARN__DUPLICATE_METHOD_MATCH = YES;
				"CODE_SIGN_IDENTITY[sdk=iphoneos*]" = "iPhone Developer";
				COPY_PHASE_STRIP = NO;
				DEBUG_INFORMATION_FORMAT = dwarf;
				ENABLE_STRICT_OBJC_MSGSEND = YES;
				ENABLE_TESTABILITY = YES;
				GCC_C_LANGUAGE_STANDARD = gnu99;
				GCC_DYNAMIC_NO_PIC = NO;
				GCC_NO_COMMON_BLOCKS = YES;
				GCC_OPTIMIZATION_LEVEL = 0;
				GCC_PREPROCESSOR_DEFINITIONS = (
					"DEBUG=1",
					"$(inherited)",
				);
				GCC_WARN_64_TO_32_BIT_CONVERSION = YES;
				GCC_WARN_ABOUT_RETURN_TYPE = YES_ERROR;
				GCC_WARN_UNDECLARED_SELECTOR = YES;
				GCC_WARN_UNINITIALIZED_AUTOS = YES_AGGRESSIVE;
				GCC_WARN_UNUSED_FUNCTION = YES;
				GCC_WARN_UNUSED_VARIABLE = YES;
				IPHONEOS_DEPLOYMENT_TARGET = 9.3;
				MTL_ENABLE_DEBUG_INFO = YES;
				ONLY_ACTIVE_ARCH = YES;
				SDKROOT = iphoneos;
				SWIFT_OPTIMIZATION_LEVEL = "-Onone";
			};
			name = Debug;
		};
		D92E33EB1D084D7300BF7AD4 /* Release */ = {
			isa = XCBuildConfiguration;
			buildSettings = {
				ALWAYS_SEARCH_USER_PATHS = NO;
				CLANG_ANALYZER_NONNULL = YES;
				CLANG_CXX_LANGUAGE_STANDARD = "gnu++0x";
				CLANG_CXX_LIBRARY = "libc++";
				CLANG_ENABLE_MODULES = YES;
				CLANG_ENABLE_OBJC_ARC = YES;
				CLANG_WARN_BOOL_CONVERSION = YES;
				CLANG_WARN_CONSTANT_CONVERSION = YES;
				CLANG_WARN_DIRECT_OBJC_ISA_USAGE = YES_ERROR;
				CLANG_WARN_EMPTY_BODY = YES;
				CLANG_WARN_ENUM_CONVERSION = YES;
				CLANG_WARN_INT_CONVERSION = YES;
				CLANG_WARN_OBJC_ROOT_CLASS = YES_ERROR;
				CLANG_WARN_UNREACHABLE_CODE = YES;
				CLANG_WARN__DUPLICATE_METHOD_MATCH = YES;
				"CODE_SIGN_IDENTITY[sdk=iphoneos*]" = "iPhone Developer";
				COPY_PHASE_STRIP = NO;
				DEBUG_INFORMATION_FORMAT = "dwarf-with-dsym";
				ENABLE_NS_ASSERTIONS = NO;
				ENABLE_STRICT_OBJC_MSGSEND = YES;
				GCC_C_LANGUAGE_STANDARD = gnu99;
				GCC_NO_COMMON_BLOCKS = YES;
				GCC_WARN_64_TO_32_BIT_CONVERSION = YES;
				GCC_WARN_ABOUT_RETURN_TYPE = YES_ERROR;
				GCC_WARN_UNDECLARED_SELECTOR = YES;
				GCC_WARN_UNINITIALIZED_AUTOS = YES_AGGRESSIVE;
				GCC_WARN_UNUSED_FUNCTION = YES;
				GCC_WARN_UNUSED_VARIABLE = YES;
				IPHONEOS_DEPLOYMENT_TARGET = 9.3;
				MTL_ENABLE_DEBUG_INFO = NO;
				SDKROOT = iphoneos;
				VALIDATE_PRODUCT = YES;
			};
			name = Release;
		};
		D92E33ED1D084D7300BF7AD4 /* Debug */ = {
			isa = XCBuildConfiguration;
			buildSettings = {
				ASSETCATALOG_COMPILER_APPICON_NAME = AppIcon;
				INFOPLIST_FILE = iXploreNew/Info.plist;
				LD_RUNPATH_SEARCH_PATHS = "$(inherited) @executable_path/Frameworks";
				PRODUCT_BUNDLE_IDENTIFIER = com.ryandavey.iXploreNew;
				PRODUCT_NAME = "$(TARGET_NAME)";
			};
			name = Debug;
		};
		D92E33EE1D084D7300BF7AD4 /* Release */ = {
			isa = XCBuildConfiguration;
			buildSettings = {
				ASSETCATALOG_COMPILER_APPICON_NAME = AppIcon;
				INFOPLIST_FILE = iXploreNew/Info.plist;
				LD_RUNPATH_SEARCH_PATHS = "$(inherited) @executable_path/Frameworks";
				PRODUCT_BUNDLE_IDENTIFIER = com.ryandavey.iXploreNew;
				PRODUCT_NAME = "$(TARGET_NAME)";
			};
			name = Release;
		};
/* End XCBuildConfiguration section */

/* Begin XCConfigurationList section */
		D92E33D51D084D7300BF7AD4 /* Build configuration list for PBXProject "iXploreNew" */ = {
			isa = XCConfigurationList;
			buildConfigurations = (
				D92E33EA1D084D7300BF7AD4 /* Debug */,
				D92E33EB1D084D7300BF7AD4 /* Release */,
			);
			defaultConfigurationIsVisible = 0;
			defaultConfigurationName = Release;
		};
		D92E33EC1D084D7300BF7AD4 /* Build configuration list for PBXNativeTarget "iXploreNew" */ = {
			isa = XCConfigurationList;
			buildConfigurations = (
				D92E33ED1D084D7300BF7AD4 /* Debug */,
				D92E33EE1D084D7300BF7AD4 /* Release */,
			);
			defaultConfigurationIsVisible = 0;
			defaultConfigurationName = Release;
		};
/* End XCConfigurationList section */
	};
	rootObject = D92E33D21D084D7300BF7AD4 /* Project object */;
}
